{
  "object": {
    "pins": [
      {
        "package": "Bsd",
        "repositoryURL": "https://github.com/TaborKelly/Bsd.git",
        "state": {
          "branch": null,
          "revision": "664df0758a6ece54c4f4336e3a9f7d7d9508cef6",
          "version": "0.1.1"
        }
      }
    ]
  },
  "version": 1
}
